// !$*UTF8*$!
{
	archiveVersion = 1;
	classes = {
	};
	objectVersion = 46;
	objects = {

/* Begin PBXBuildFile section */
		621132F41CD8DB4B008A302E /* main.m in Sources */ = {isa = PBXBuildFile; fileRef = 621132F31CD8DB4B008A302E /* main.m */; };
		621132F71CD8DB4B008A302E /* AppDelegate.m in Sources */ = {isa = PBXBuildFile; fileRef = 621132F61CD8DB4B008A302E /* AppDelegate.m */; };
		621132FA1CD8DB4B008A302E /* ViewController.m in Sources */ = {isa = PBXBuildFile; fileRef = 621132F91CD8DB4B008A302E /* ViewController.m */; };
		621132FD1CD8DB4B008A302E /* Main.storyboard in Resources */ = {isa = PBXBuildFile; fileRef = 621132FB1CD8DB4B008A302E /* Main.storyboard */; };
		621132FF1CD8DB4B008A302E /* Assets.xcassets in Resources */ = {isa = PBXBuildFile; fileRef = 621132FE1CD8DB4B008A302E /* Assets.xcassets */; };
		621133021CD8DB4B008A302E /* LaunchScreen.storyboard in Resources */ = {isa = PBXBuildFile; fileRef = 621133001CD8DB4B008A302E /* LaunchScreen.storyboard */; };
		6211330D1CD8DF42008A302E /* CoreGraphics.framework in Frameworks */ = {isa = PBXBuildFile; fileRef = 6211330C1CD8DF42008A302E /* CoreGraphics.framework */; };
		6211330F1CD8DF50008A302E /* Foundation.framework in Frameworks */ = {isa = PBXBuildFile; fileRef = 6211330E1CD8DF50008A302E /* Foundation.framework */; };
		621133111CD8DF58008A302E /* ImageIO.framework in Frameworks */ = {isa = PBXBuildFile; fileRef = 621133101CD8DF58008A302E /* ImageIO.framework */; };
		621133131CD8DF63008A302E /* MobileCoreServices.framework in Frameworks */ = {isa = PBXBuildFile; fileRef = 621133121CD8DF63008A302E /* MobileCoreServices.framework */; };
		621133151CD8DF6F008A302E /* Security.framework in Frameworks */ = {isa = PBXBuildFile; fileRef = 621133141CD8DF6F008A302E /* Security.framework */; };
		621133171CD8DF77008A302E /* SystemConfiguration.framework in Frameworks */ = {isa = PBXBuildFile; fileRef = 621133161CD8DF77008A302E /* SystemConfiguration.framework */; };
		621133191CD8DF7E008A302E /* UIKit.framework in Frameworks */ = {isa = PBXBuildFile; fileRef = 621133181CD8DF7E008A302E /* UIKit.framework */; };
		627A503D1CDA05550079CF74 /* CDSideBarController.m in Sources */ = {isa = PBXBuildFile; fileRef = 627A503C1CDA05550079CF74 /* CDSideBarController.m */; };
		627A50401CDA05890079CF74 /* ChannelsTableViewController.m in Sources */ = {isa = PBXBuildFile; fileRef = 627A503F1CDA05890079CF74 /* ChannelsTableViewController.m */; };
		627A50431CDA05C30079CF74 /* LoginViewContorllerViewController.m in Sources */ = {isa = PBXBuildFile; fileRef = 627A50421CDA05C30079CF74 /* LoginViewContorllerViewController.m */; };
		627A50461CDA05DD0079CF74 /* PlayerViewController.m in Sources */ = {isa = PBXBuildFile; fileRef = 627A50451CDA05DD0079CF74 /* PlayerViewController.m */; };
		627A504C1CDA06530079CF74 /* UserInforViewController.m in Sources */ = {isa = PBXBuildFile; fileRef = 627A504B1CDA06530079CF74 /* UserInforViewController.m */; };
		627A504F1CDA06A10079CF74 /* SiderbarController.m in Sources */ = {isa = PBXBuildFile; fileRef = 627A504E1CDA06A10079CF74 /* SiderbarController.m */; };
		627A50521CDA06D30079CF74 /* ChannelInfor.m in Sources */ = {isa = PBXBuildFile; fileRef = 627A50511CDA06D30079CF74 /* ChannelInfor.m */; };
		627A50551CDA06EC0079CF74 /* NetworkManager.m in Sources */ = {isa = PBXBuildFile; fileRef = 627A50541CDA06EC0079CF74 /* NetworkManager.m */; };
		627A50571CDA08E10079CF74 /* MediaPlayer.framework in Frameworks */ = {isa = PBXBuildFile; fileRef = 627A50561CDA08E10079CF74 /* MediaPlayer.framework */; };
		627A505A1CDA0A360079CF74 /* PlayerController.m in Sources */ = {isa = PBXBuildFile; fileRef = 627A50591CDA0A360079CF74 /* PlayerController.m */; };
		627A505D1CDA0B110079CF74 /* ProtocolClass.m in Sources */ = {isa = PBXBuildFile; fileRef = 627A505C1CDA0B110079CF74 /* ProtocolClass.m */; };
		627A50601CDA0B270079CF74 /* SongInfo.m in Sources */ = {isa = PBXBuildFile; fileRef = 627A505F1CDA0B270079CF74 /* SongInfo.m */; };
		627A50631CDA0B620079CF74 /* DFMPlaylist.m in Sources */ = {isa = PBXBuildFile; fileRef = 627A50621CDA0B620079CF74 /* DFMPlaylist.m */; };
		627A50661CDA0B800079CF74 /* UserInfo.m in Sources */ = {isa = PBXBuildFile; fileRef = 627A50651CDA0B800079CF74 /* UserInfo.m */; };
		627A50691CDA0BCB0079CF74 /* DFMUpChanneIsEntity.m in Sources */ = {isa = PBXBuildFile; fileRef = 627A50681CDA0BCB0079CF74 /* DFMUpChanneIsEntity.m */; };
		627A506C1CDA0BF10079CF74 /* DFMHotChanneIsEntity.m in Sources */ = {isa = PBXBuildFile; fileRef = 627A506B1CDA0BF10079CF74 /* DFMHotChanneIsEntity.m */; };
		627A506F1CDA0C200079CF74 /* DFMRecChanneIsEntity.m in Sources */ = {isa = PBXBuildFile; fileRef = 627A506E1CDA0C200079CF74 /* DFMRecChanneIsEntity.m */; };
		D8841F855C38C1A9CFBA1026 /* libPods-Douban.a in Frameworks */ = {isa = PBXBuildFile; fileRef = B8F0B1A6A5146DFA078077F9 /* libPods-Douban.a */; };
/* End PBXBuildFile section */

/* Begin PBXFileReference section */
		621132EF1CD8DB4B008A302E /* Douban.app */ = {isa = PBXFileReference; explicitFileType = wrapper.application; includeInIndex = 0; path = Douban.app; sourceTree = BUILT_PRODUCTS_DIR; };
		621132F31CD8DB4B008A302E /* main.m */ = {isa = PBXFileReference; lastKnownFileType = sourcecode.c.objc; path = main.m; sourceTree = "<group>"; };
		621132F51CD8DB4B008A302E /* AppDelegate.h */ = {isa = PBXFileReference; lastKnownFileType = sourcecode.c.h; path = AppDelegate.h; sourceTree = "<group>"; };
		621132F61CD8DB4B008A302E /* AppDelegate.m */ = {isa = PBXFileReference; lastKnownFileType = sourcecode.c.objc; path = AppDelegate.m; sourceTree = "<group>"; };
		621132F81CD8DB4B008A302E /* ViewController.h */ = {isa = PBXFileReference; lastKnownFileType = sourcecode.c.h; path = ViewController.h; sourceTree = "<group>"; };
		621132F91CD8DB4B008A302E /* ViewController.m */ = {isa = PBXFileReference; lastKnownFileType = sourcecode.c.objc; path = ViewController.m; sourceTree = "<group>"; };
		621132FC1CD8DB4B008A302E /* Base */ = {isa = PBXFileReference; lastKnownFileType = file.storyboard; name = Base; path = Base.lproj/Main.storyboard; sourceTree = "<group>"; };
		621132FE1CD8DB4B008A302E /* Assets.xcassets */ = {isa = PBXFileReference; lastKnownFileType = folder.assetcatalog; path = Assets.xcassets; sourceTree = "<group>"; };
		621133011CD8DB4B008A302E /* Base */ = {isa = PBXFileReference; lastKnownFileType = file.storyboard; name = Base; path = Base.lproj/LaunchScreen.storyboard; sourceTree = "<group>"; };
		621133031CD8DB4B008A302E /* Info.plist */ = {isa = PBXFileReference; lastKnownFileType = text.plist.xml; path = Info.plist; sourceTree = "<group>"; };
		6211330C1CD8DF42008A302E /* CoreGraphics.framework */ = {isa = PBXFileReference; lastKnownFileType = wrapper.framework; name = CoreGraphics.framework; path = System/Library/Frameworks/CoreGraphics.framework; sourceTree = SDKROOT; };
		6211330E1CD8DF50008A302E /* Foundation.framework */ = {isa = PBXFileReference; lastKnownFileType = wrapper.framework; name = Foundation.framework; path = System/Library/Frameworks/Foundation.framework; sourceTree = SDKROOT; };
		621133101CD8DF58008A302E /* ImageIO.framework */ = {isa = PBXFileReference; lastKnownFileType = wrapper.framework; name = ImageIO.framework; path = System/Library/Frameworks/ImageIO.framework; sourceTree = SDKROOT; };
		621133121CD8DF63008A302E /* MobileCoreServices.framework */ = {isa = PBXFileReference; lastKnownFileType = wrapper.framework; name = MobileCoreServices.framework; path = System/Library/Frameworks/MobileCoreServices.framework; sourceTree = SDKROOT; };
		621133141CD8DF6F008A302E /* Security.framework */ = {isa = PBXFileReference; lastKnownFileType = wrapper.framework; name = Security.framework; path = System/Library/Frameworks/Security.framework; sourceTree = SDKROOT; };
		621133161CD8DF77008A302E /* SystemConfiguration.framework */ = {isa = PBXFileReference; lastKnownFileType = wrapper.framework; name = SystemConfiguration.framework; path = System/Library/Frameworks/SystemConfiguration.framework; sourceTree = SDKROOT; };
		621133181CD8DF7E008A302E /* UIKit.framework */ = {isa = PBXFileReference; lastKnownFileType = wrapper.framework; name = UIKit.framework; path = System/Library/Frameworks/UIKit.framework; sourceTree = SDKROOT; };
		627A503B1CDA05550079CF74 /* CDSideBarController.h */ = {isa = PBXFileReference; fileEncoding = 4; lastKnownFileType = sourcecode.c.h; path = CDSideBarController.h; sourceTree = "<group>"; };
		627A503C1CDA05550079CF74 /* CDSideBarController.m */ = {isa = PBXFileReference; fileEncoding = 4; lastKnownFileType = sourcecode.c.objc; path = CDSideBarController.m; sourceTree = "<group>"; };
		627A503E1CDA05890079CF74 /* ChannelsTableViewController.h */ = {isa = PBXFileReference; fileEncoding = 4; lastKnownFileType = sourcecode.c.h; path = ChannelsTableViewController.h; sourceTree = "<group>"; };
		627A503F1CDA05890079CF74 /* ChannelsTableViewController.m */ = {isa = PBXFileReference; fileEncoding = 4; lastKnownFileType = sourcecode.c.objc; path = ChannelsTableViewController.m; sourceTree = "<group>"; };
		627A50411CDA05C30079CF74 /* LoginViewContorllerViewController.h */ = {isa = PBXFileReference; fileEncoding = 4; lastKnownFileType = sourcecode.c.h; path = LoginViewContorllerViewController.h; sourceTree = "<group>"; };
		627A50421CDA05C30079CF74 /* LoginViewContorllerViewController.m */ = {isa = PBXFileReference; fileEncoding = 4; lastKnownFileType = sourcecode.c.objc; path = LoginViewContorllerViewController.m; sourceTree = "<group>"; };
		627A50441CDA05DD0079CF74 /* PlayerViewController.h */ = {isa = PBXFileReference; fileEncoding = 4; lastKnownFileType = sourcecode.c.h; path = PlayerViewController.h; sourceTree = "<group>"; };
		627A50451CDA05DD0079CF74 /* PlayerViewController.m */ = {isa = PBXFileReference; fileEncoding = 4; lastKnownFileType = sourcecode.c.objc; path = PlayerViewController.m; sourceTree = "<group>"; };
		627A504A1CDA06530079CF74 /* UserInforViewController.h */ = {isa = PBXFileReference; fileEncoding = 4; lastKnownFileType = sourcecode.c.h; path = UserInforViewController.h; sourceTree = "<group>"; };
		627A504B1CDA06530079CF74 /* UserInforViewController.m */ = {isa = PBXFileReference; fileEncoding = 4; lastKnownFileType = sourcecode.c.objc; path = UserInforViewController.m; sourceTree = "<group>"; };
		627A504D1CDA06A10079CF74 /* SiderbarController.h */ = {isa = PBXFileReference; fileEncoding = 4; lastKnownFileType = sourcecode.c.h; path = SiderbarController.h; sourceTree = "<group>"; };
		627A504E1CDA06A10079CF74 /* SiderbarController.m */ = {isa = PBXFileReference; fileEncoding = 4; lastKnownFileType = sourcecode.c.objc; path = SiderbarController.m; sourceTree = "<group>"; };
		627A50501CDA06D30079CF74 /* ChannelInfor.h */ = {isa = PBXFileReference; fileEncoding = 4; lastKnownFileType = sourcecode.c.h; path = ChannelInfor.h; sourceTree = "<group>"; };
		627A50511CDA06D30079CF74 /* ChannelInfor.m */ = {isa = PBXFileReference; fileEncoding = 4; lastKnownFileType = sourcecode.c.objc; path = ChannelInfor.m; sourceTree = "<group>"; };
		627A50531CDA06EC0079CF74 /* NetworkManager.h */ = {isa = PBXFileReference; fileEncoding = 4; lastKnownFileType = sourcecode.c.h; path = NetworkManager.h; sourceTree = "<group>"; };
		627A50541CDA06EC0079CF74 /* NetworkManager.m */ = {isa = PBXFileReference; fileEncoding = 4; lastKnownFileType = sourcecode.c.objc; path = NetworkManager.m; sourceTree = "<group>"; };
		627A50561CDA08E10079CF74 /* MediaPlayer.framework */ = {isa = PBXFileReference; lastKnownFileType = wrapper.framework; name = MediaPlayer.framework; path = System/Library/Frameworks/MediaPlayer.framework; sourceTree = SDKROOT; };
		627A50581CDA0A360079CF74 /* PlayerController.h */ = {isa = PBXFileReference; fileEncoding = 4; lastKnownFileType = sourcecode.c.h; path = PlayerController.h; sourceTree = "<group>"; };
		627A50591CDA0A360079CF74 /* PlayerController.m */ = {isa = PBXFileReference; fileEncoding = 4; lastKnownFileType = sourcecode.c.objc; path = PlayerController.m; sourceTree = "<group>"; };
		627A505B1CDA0B110079CF74 /* ProtocolClass.h */ = {isa = PBXFileReference; fileEncoding = 4; lastKnownFileType = sourcecode.c.h; path = ProtocolClass.h; sourceTree = "<group>"; };
		627A505C1CDA0B110079CF74 /* ProtocolClass.m */ = {isa = PBXFileReference; fileEncoding = 4; lastKnownFileType = sourcecode.c.objc; path = ProtocolClass.m; sourceTree = "<group>"; };
		627A505E1CDA0B270079CF74 /* SongInfo.h */ = {isa = PBXFileReference; fileEncoding = 4; lastKnownFileType = sourcecode.c.h; path = SongInfo.h; sourceTree = "<group>"; };
		627A505F1CDA0B270079CF74 /* SongInfo.m */ = {isa = PBXFileReference; fileEncoding = 4; lastKnownFileType = sourcecode.c.objc; path = SongInfo.m; sourceTree = "<group>"; };
		627A50611CDA0B620079CF74 /* DFMPlaylist.h */ = {isa = PBXFileReference; fileEncoding = 4; lastKnownFileType = sourcecode.c.h; path = DFMPlaylist.h; sourceTree = "<group>"; };
		627A50621CDA0B620079CF74 /* DFMPlaylist.m */ = {isa = PBXFileReference; fileEncoding = 4; lastKnownFileType = sourcecode.c.objc; path = DFMPlaylist.m; sourceTree = "<group>"; };
		627A50641CDA0B800079CF74 /* UserInfo.h */ = {isa = PBXFileReference; fileEncoding = 4; lastKnownFileType = sourcecode.c.h; path = UserInfo.h; sourceTree = "<group>"; };
		627A50651CDA0B800079CF74 /* UserInfo.m */ = {isa = PBXFileReference; fileEncoding = 4; lastKnownFileType = sourcecode.c.objc; path = UserInfo.m; sourceTree = "<group>"; };
		627A50671CDA0BCB0079CF74 /* DFMUpChanneIsEntity.h */ = {isa = PBXFileReference; fileEncoding = 4; lastKnownFileType = sourcecode.c.h; path = DFMUpChanneIsEntity.h; sourceTree = "<group>"; };
		627A50681CDA0BCB0079CF74 /* DFMUpChanneIsEntity.m */ = {isa = PBXFileReference; fileEncoding = 4; lastKnownFileType = sourcecode.c.objc; path = DFMUpChanneIsEntity.m; sourceTree = "<group>"; };
		627A506A1CDA0BF10079CF74 /* DFMHotChanneIsEntity.h */ = {isa = PBXFileReference; fileEncoding = 4; lastKnownFileType = sourcecode.c.h; path = DFMHotChanneIsEntity.h; sourceTree = "<group>"; };
		627A506B1CDA0BF10079CF74 /* DFMHotChanneIsEntity.m */ = {isa = PBXFileReference; fileEncoding = 4; lastKnownFileType = sourcecode.c.objc; path = DFMHotChanneIsEntity.m; sourceTree = "<group>"; };
		627A506D1CDA0C200079CF74 /* DFMRecChanneIsEntity.h */ = {isa = PBXFileReference; fileEncoding = 4; lastKnownFileType = sourcecode.c.h; path = DFMRecChanneIsEntity.h; sourceTree = "<group>"; };
		627A506E1CDA0C200079CF74 /* DFMRecChanneIsEntity.m */ = {isa = PBXFileReference; fileEncoding = 4; lastKnownFileType = sourcecode.c.objc; path = DFMRecChanneIsEntity.m; sourceTree = "<group>"; };
		9F4F6B03A079B526C5D3AB8B /* Pods-Douban.release.xcconfig */ = {isa = PBXFileReference; includeInIndex = 1; lastKnownFileType = text.xcconfig; name = "Pods-Douban.release.xcconfig"; path = "Pods/Target Support Files/Pods-Douban/Pods-Douban.release.xcconfig"; sourceTree = "<group>"; };
		B8F0B1A6A5146DFA078077F9 /* libPods-Douban.a */ = {isa = PBXFileReference; explicitFileType = archive.ar; includeInIndex = 0; path = "libPods-Douban.a"; sourceTree = BUILT_PRODUCTS_DIR; };
		C1A5B00A145102D0B23FA219 /* Pods-Douban.debug.xcconfig */ = {isa = PBXFileReference; includeInIndex = 1; lastKnownFileType = text.xcconfig; name = "Pods-Douban.debug.xcconfig"; path = "Pods/Target Support Files/Pods-Douban/Pods-Douban.debug.xcconfig"; sourceTree = "<group>"; };
/* End PBXFileReference section */

/* Begin PBXFrameworksBuildPhase section */
		621132EC1CD8DB4B008A302E /* Frameworks */ = {
			isa = PBXFrameworksBuildPhase;
			buildActionMask = 2147483647;
			files = (
				627A50571CDA08E10079CF74 /* MediaPlayer.framework in Frameworks */,
				621133191CD8DF7E008A302E /* UIKit.framework in Frameworks */,
				621133171CD8DF77008A302E /* SystemConfiguration.framework in Frameworks */,
				621133151CD8DF6F008A302E /* Security.framework in Frameworks */,
				621133131CD8DF63008A302E /* MobileCoreServices.framework in Frameworks */,
				621133111CD8DF58008A302E /* ImageIO.framework in Frameworks */,
				6211330F1CD8DF50008A302E /* Foundation.framework in Frameworks */,
				6211330D1CD8DF42008A302E /* CoreGraphics.framework in Frameworks */,
				D8841F855C38C1A9CFBA1026 /* libPods-Douban.a in Frameworks */,
			);
			runOnlyForDeploymentPostprocessing = 0;
		};
/* End PBXFrameworksBuildPhase section */

/* Begin PBXGroup section */
		2A897B89B0CF34E862953298 /* Frameworks */ = {
			isa = PBXGroup;
			children = (
				627A50561CDA08E10079CF74 /* MediaPlayer.framework */,
				621133181CD8DF7E008A302E /* UIKit.framework */,
				621133161CD8DF77008A302E /* SystemConfiguration.framework */,
				621133141CD8DF6F008A302E /* Security.framework */,
				621133121CD8DF63008A302E /* MobileCoreServices.framework */,
				621133101CD8DF58008A302E /* ImageIO.framework */,
				6211330E1CD8DF50008A302E /* Foundation.framework */,
				6211330C1CD8DF42008A302E /* CoreGraphics.framework */,
				B8F0B1A6A5146DFA078077F9 /* libPods-Douban.a */,
			);
			name = Frameworks;
			sourceTree = "<group>";
		};
		37D232488DB86DCBE616112A /* Pods */ = {
			isa = PBXGroup;
			children = (
				C1A5B00A145102D0B23FA219 /* Pods-Douban.debug.xcconfig */,
				9F4F6B03A079B526C5D3AB8B /* Pods-Douban.release.xcconfig */,
			);
			name = Pods;
			sourceTree = "<group>";
		};
		621132E61CD8DB4B008A302E = {
			isa = PBXGroup;
			children = (
				621133091CD8DE70008A302E /* CDSideBarController */,
				621132F11CD8DB4B008A302E /* DoubanFM */,
				621132F01CD8DB4B008A302E /* Products */,
				37D232488DB86DCBE616112A /* Pods */,
				2A897B89B0CF34E862953298 /* Frameworks */,
			);
			sourceTree = "<group>";
		};
		621132F01CD8DB4B008A302E /* Products */ = {
			isa = PBXGroup;
			children = (
				621132EF1CD8DB4B008A302E /* Douban.app */,
			);
			name = Products;
			sourceTree = "<group>";
		};
		621132F11CD8DB4B008A302E /* DoubanFM */ = {
			isa = PBXGroup;
			children = (
				6211331A1CD8DFF0008A302E /* Controller */,
				6211331B1CD8DFFA008A302E /* Model */,
				6211331C1CD8E001008A302E /* View */,
				621132F21CD8DB4B008A302E /* Supporting Files */,
			);
			name = DoubanFM;
			path = Douban;
			sourceTree = "<group>";
		};
		621132F21CD8DB4B008A302E /* Supporting Files */ = {
			isa = PBXGroup;
			children = (
				621132F31CD8DB4B008A302E /* main.m */,
			);
			name = "Supporting Files";
			sourceTree = "<group>";
		};
		621133091CD8DE70008A302E /* CDSideBarController */ = {
			isa = PBXGroup;
			children = (
				627A503B1CDA05550079CF74 /* CDSideBarController.h */,
				627A503C1CDA05550079CF74 /* CDSideBarController.m */,
			);
			name = CDSideBarController;
			sourceTree = "<group>";
		};
		6211331A1CD8DFF0008A302E /* Controller */ = {
			isa = PBXGroup;
			children = (
				627A503E1CDA05890079CF74 /* ChannelsTableViewController.h */,
				627A503F1CDA05890079CF74 /* ChannelsTableViewController.m */,
				627A50411CDA05C30079CF74 /* LoginViewContorllerViewController.h */,
				627A50421CDA05C30079CF74 /* LoginViewContorllerViewController.m */,
				627A50441CDA05DD0079CF74 /* PlayerViewController.h */,
				627A50451CDA05DD0079CF74 /* PlayerViewController.m */,
				627A504D1CDA06A10079CF74 /* SiderbarController.h */,
				627A504E1CDA06A10079CF74 /* SiderbarController.m */,
				627A504A1CDA06530079CF74 /* UserInforViewController.h */,
				627A504B1CDA06530079CF74 /* UserInforViewController.m */,
			);
			name = Controller;
			sourceTree = "<group>";
		};
		6211331B1CD8DFFA008A302E /* Model */ = {
			isa = PBXGroup;
			children = (
				627A50501CDA06D30079CF74 /* ChannelInfor.h */,
				627A50511CDA06D30079CF74 /* ChannelInfor.m */,
				627A50531CDA06EC0079CF74 /* NetworkManager.h */,
				627A50541CDA06EC0079CF74 /* NetworkManager.m */,
				627A50581CDA0A360079CF74 /* PlayerController.h */,
				627A50591CDA0A360079CF74 /* PlayerController.m */,
				627A505B1CDA0B110079CF74 /* ProtocolClass.h */,
				627A505C1CDA0B110079CF74 /* ProtocolClass.m */,
				627A505E1CDA0B270079CF74 /* SongInfo.h */,
				627A505F1CDA0B270079CF74 /* SongInfo.m */,
				627A50641CDA0B800079CF74 /* UserInfo.h */,
				627A50651CDA0B800079CF74 /* UserInfo.m */,
				627A50611CDA0B620079CF74 /* DFMPlaylist.h */,
				627A50621CDA0B620079CF74 /* DFMPlaylist.m */,
				627A50671CDA0BCB0079CF74 /* DFMUpChanneIsEntity.h */,
				627A50681CDA0BCB0079CF74 /* DFMUpChanneIsEntity.m */,
				627A506A1CDA0BF10079CF74 /* DFMHotChanneIsEntity.h */,
				627A506B1CDA0BF10079CF74 /* DFMHotChanneIsEntity.m */,
				627A506D1CDA0C200079CF74 /* DFMRecChanneIsEntity.h */,
				627A506E1CDA0C200079CF74 /* DFMRecChanneIsEntity.m */,
			);
			name = Model;
			sourceTree = "<group>";
		};
		6211331C1CD8E001008A302E /* View */ = {
			isa = PBXGroup;
			children = (
				621132F51CD8DB4B008A302E /* AppDelegate.h */,
				621132F61CD8DB4B008A302E /* AppDelegate.m */,
				621132F81CD8DB4B008A302E /* ViewController.h */,
				621132F91CD8DB4B008A302E /* ViewController.m */,
				621132FB1CD8DB4B008A302E /* Main.storyboard */,
				621132FE1CD8DB4B008A302E /* Assets.xcassets */,
				621133001CD8DB4B008A302E /* LaunchScreen.storyboard */,
				621133031CD8DB4B008A302E /* Info.plist */,
			);
			name = View;
			sourceTree = "<group>";
		};
/* End PBXGroup section */

/* Begin PBXNativeTarget section */
		621132EE1CD8DB4B008A302E /* Douban */ = {
			isa = PBXNativeTarget;
			buildConfigurationList = 621133061CD8DB4B008A302E /* Build configuration list for PBXNativeTarget "Douban" */;
			buildPhases = (
				89117B73D638C03B6D5B6288 /* 📦 Check Pods Manifest.lock */,
				621132EB1CD8DB4B008A302E /* Sources */,
				621132EC1CD8DB4B008A302E /* Frameworks */,
				621132ED1CD8DB4B008A302E /* Resources */,
				A05ADFEFF76824E2D7C06857 /* 📦 Embed Pods Frameworks */,
				8FFB683D046E9CA2DDA4495E /* 📦 Copy Pods Resources */,
			);
			buildRules = (
			);
			dependencies = (
			);
			name = Douban;
			productName = Douban;
			productReference = 621132EF1CD8DB4B008A302E /* Douban.app */;
			productType = "com.apple.product-type.application";
		};
/* End PBXNativeTarget section */

/* Begin PBXProject section */
		621132E71CD8DB4B008A302E /* Project object */ = {
			isa = PBXProject;
			attributes = {
				LastUpgradeCheck = 0720;
				ORGANIZATIONNAME = heyuanwu;
				TargetAttributes = {
					621132EE1CD8DB4B008A302E = {
						CreatedOnToolsVersion = 7.2.1;
					};
				};
			};
			buildConfigurationList = 621132EA1CD8DB4B008A302E /* Build configuration list for PBXProject "Douban" */;
			compatibilityVersion = "Xcode 3.2";
			developmentRegion = English;
			hasScannedForEncodings = 0;
			knownRegions = (
				en,
				Base,
			);
			mainGroup = 621132E61CD8DB4B008A302E;
			productRefGroup = 621132F01CD8DB4B008A302E /* Products */;
			projectDirPath = "";
			projectRoot = "";
			targets = (
				621132EE1CD8DB4B008A302E /* Douban */,
			);
		};
/* End PBXProject section */

/* Begin PBXResourcesBuildPhase section */
		621132ED1CD8DB4B008A302E /* Resources */ = {
			isa = PBXResourcesBuildPhase;
			buildActionMask = 2147483647;
			files = (
				621133021CD8DB4B008A302E /* LaunchScreen.storyboard in Resources */,
				621132FF1CD8DB4B008A302E /* Assets.xcassets in Resources */,
				621132FD1CD8DB4B008A302E /* Main.storyboard in Resources */,
			);
			runOnlyForDeploymentPostprocessing = 0;
		};
/* End PBXResourcesBuildPhase section */

/* Begin PBXShellScriptBuildPhase section */
		89117B73D638C03B6D5B6288 /* 📦 Check Pods Manifest.lock */ = {
			isa = PBXShellScriptBuildPhase;
			buildActionMask = 2147483647;
			files = (
			);
			inputPaths = (
			);
			name = "📦 Check Pods Manifest.lock";
			outputPaths = (
			);
			runOnlyForDeploymentPostprocessing = 0;
			shellPath = /bin/sh;
			shellScript = "diff \"${PODS_ROOT}/../Podfile.lock\" \"${PODS_ROOT}/Manifest.lock\" > /dev/null\nif [[ $? != 0 ]] ; then\n    cat << EOM\nerror: The sandbox is not in sync with the Podfile.lock. Run 'pod install' or update your CocoaPods installation.\nEOM\n    exit 1\nfi\n";
			showEnvVarsInLog = 0;
		};
		8FFB683D046E9CA2DDA4495E /* 📦 Copy Pods Resources */ = {
			isa = PBXShellScriptBuildPhase;
			buildActionMask = 2147483647;
			files = (
			);
			inputPaths = (
			);
			name = "📦 Copy Pods Resources";
			outputPaths = (
			);
			runOnlyForDeploymentPostprocessing = 0;
			shellPath = /bin/sh;
			shellScript = "\"${SRCROOT}/Pods/Target Support Files/Pods-Douban/Pods-Douban-resources.sh\"\n";
			showEnvVarsInLog = 0;
		};
		A05ADFEFF76824E2D7C06857 /* 📦 Embed Pods Frameworks */ = {
			isa = PBXShellScriptBuildPhase;
			buildActionMask = 2147483647;
			files = (
			);
			inputPaths = (
			);
			name = "📦 Embed Pods Frameworks";
			outputPaths = (
			);
			runOnlyForDeploymentPostprocessing = 0;
			shellPath = /bin/sh;
			shellScript = "\"${SRCROOT}/Pods/Target Support Files/Pods-Douban/Pods-Douban-frameworks.sh\"\n";
			showEnvVarsInLog = 0;
		};
/* End PBXShellScriptBuildPhase section */

/* Begin PBXSourcesBuildPhase section */
		621132EB1CD8DB4B008A302E /* Sources */ = {
			isa = PBXSourcesBuildPhase;
			buildActionMask = 2147483647;
			files = (
				627A50661CDA0B800079CF74 /* UserInfo.m in Sources */,
				627A50691CDA0BCB0079CF74 /* DFMUpChanneIsEntity.m in Sources */,
				627A50601CDA0B270079CF74 /* SongInfo.m in Sources */,
				627A50461CDA05DD0079CF74 /* PlayerViewController.m in Sources */,
				621132FA1CD8DB4B008A302E /* ViewController.m in Sources */,
				627A503D1CDA05550079CF74 /* CDSideBarController.m in Sources */,
				627A50551CDA06EC0079CF74 /* NetworkManager.m in Sources */,
				627A50401CDA05890079CF74 /* ChannelsTableViewController.m in Sources */,
				627A50521CDA06D30079CF74 /* ChannelInfor.m in Sources */,
				627A50431CDA05C30079CF74 /* LoginViewContorllerViewController.m in Sources */,
				621132F71CD8DB4B008A302E /* AppDelegate.m in Sources */,
				627A50631CDA0B620079CF74 /* DFMPlaylist.m in Sources */,
				627A506F1CDA0C200079CF74 /* DFMRecChanneIsEntity.m in Sources */,
				627A504F1CDA06A10079CF74 /* SiderbarController.m in Sources */,
				621132F41CD8DB4B008A302E /* main.m in Sources */,
				627A505A1CDA0A360079CF74 /* PlayerController.m in Sources */,
				627A506C1CDA0BF10079CF74 /* DFMHotChanneIsEntity.m in Sources */,
				627A505D1CDA0B110079CF74 /* ProtocolClass.m in Sources */,
				627A504C1CDA06530079CF74 /* UserInforViewController.m in Sources */,
			);
			runOnlyForDeploymentPostprocessing = 0;
		};
/* End PBXSourcesBuildPhase section */

/* Begin PBXVariantGroup section */
		621132FB1CD8DB4B008A302E /* Main.storyboard */ = {
			isa = PBXVariantGroup;
			children = (
				621132FC1CD8DB4B008A302E /* Base */,
			);
			name = Main.storyboard;
			sourceTree = "<group>";
		};
		621133001CD8DB4B008A302E /* LaunchScreen.storyboard */ = {
			isa = PBXVariantGroup;
			children = (
				621133011CD8DB4B008A302E /* Base */,
			);
			name = LaunchScreen.storyboard;
			sourceTree = "<group>";
		};
/* End PBXVariantGroup section */

/* Begin XCBuildConfiguration section */
		621133041CD8DB4B008A302E /* Debug */ = {
			isa = XCBuildConfiguration;
			buildSettings = {
				ALWAYS_SEARCH_USER_PATHS = NO;
				CLANG_CXX_LANGUAGE_STANDARD = "gnu++0x";
				CLANG_CXX_LIBRARY = "libc++";
				CLANG_ENABLE_MODULES = YES;
				CLANG_ENABLE_OBJC_ARC = YES;
				CLANG_WARN_BOOL_CONVERSION = YES;
				CLANG_WARN_CONSTANT_CONVERSION = YES;
				CLANG_WARN_DIRECT_OBJC_ISA_USAGE = YES_ERROR;
				CLANG_WARN_EMPTY_BODY = YES;
				CLANG_WARN_ENUM_CONVERSION = YES;
				CLANG_WARN_INT_CONVERSION = YES;
				CLANG_WARN_OBJC_ROOT_CLASS = YES_ERROR;
				CLANG_WARN_UNREACHABLE_CODE = YES;
				CLANG_WARN__DUPLICATE_METHOD_MATCH = YES;
				"CODE_SIGN_IDENTITY[sdk=iphoneos*]" = "iPhone Developer";
				COPY_PHASE_STRIP = NO;
				DEBUG_INFORMATION_FORMAT = dwarf;
				ENABLE_STRICT_OBJC_MSGSEND = YES;
				ENABLE_TESTABILITY = YES;
				GCC_C_LANGUAGE_STANDARD = gnu99;
				GCC_DYNAMIC_NO_PIC = NO;
				GCC_NO_COMMON_BLOCKS = YES;
				GCC_OPTIMIZATION_LEVEL = 0;
				GCC_PREPROCESSOR_DEFINITIONS = (
					"DEBUG=1",
					"$(inherited)",
				);
				GCC_WARN_64_TO_32_BIT_CONVERSION = YES;
				GCC_WARN_ABOUT_RETURN_TYPE = YES_ERROR;
				GCC_WARN_UNDECLARED_SELECTOR = YES;
				GCC_WARN_UNINITIALIZED_AUTOS = YES_AGGRESSIVE;
				GCC_WARN_UNUSED_FUNCTION = YES;
				GCC_WARN_UNUSED_VARIABLE = YES;
				IPHONEOS_DEPLOYMENT_TARGET = 9.2;
				MTL_ENABLE_DEBUG_INFO = YES;
				ONLY_ACTIVE_ARCH = YES;
				SDKROOT = iphoneos;
				TARGETED_DEVICE_FAMILY = "1,2";
			};
			name = Debug;
		};
		621133051CD8DB4B008A302E /* Release */ = {
			isa = XCBuildConfiguration;
			buildSettings = {
				ALWAYS_SEARCH_USER_PATHS = NO;
				CLANG_CXX_LANGUAGE_STANDARD = "gnu++0x";
				CLANG_CXX_LIBRARY = "libc++";
				CLANG_ENABLE_MODULES = YES;
				CLANG_ENABLE_OBJC_ARC = YES;
				CLANG_WARN_BOOL_CONVERSION = YES;
				CLANG_WARN_CONSTANT_CONVERSION = YES;
				CLANG_WARN_DIRECT_OBJC_ISA_USAGE = YES_ERROR;
				CLANG_WARN_EMPTY_BODY = YES;
				CLANG_WARN_ENUM_CONVERSION = YES;
				CLANG_WARN_INT_CONVERSION = YES;
				CLANG_WARN_OBJC_ROOT_CLASS = YES_ERROR;
				CLANG_WARN_UNREACHABLE_CODE = YES;
				CLANG_WARN__DUPLICATE_METHOD_MATCH = YES;
				"CODE_SIGN_IDENTITY[sdk=iphoneos*]" = "iPhone Developer";
				COPY_PHASE_STRIP = NO;
				DEBUG_INFORMATION_FORMAT = "dwarf-with-dsym";
				ENABLE_NS_ASSERTIONS = NO;
				ENABLE_STRICT_OBJC_MSGSEND = YES;
				GCC_C_LANGUAGE_STANDARD = gnu99;
				GCC_NO_COMMON_BLOCKS = YES;
				GCC_WARN_64_TO_32_BIT_CONVERSION = YES;
				GCC_WARN_ABOUT_RETURN_TYPE = YES_ERROR;
				GCC_WARN_UNDECLARED_SELECTOR = YES;
				GCC_WARN_UNINITIALIZED_AUTOS = YES_AGGRESSIVE;
				GCC_WARN_UNUSED_FUNCTION = YES;
				GCC_WARN_UNUSED_VARIABLE = YES;
				IPHONEOS_DEPLOYMENT_TARGET = 9.2;
				MTL_ENABLE_DEBUG_INFO = NO;
				SDKROOT = iphoneos;
				TARGETED_DEVICE_FAMILY = "1,2";
				VALIDATE_PRODUCT = YES;
			};
			name = Release;
		};
		621133071CD8DB4B008A302E /* Debug */ = {
			isa = XCBuildConfiguration;
			baseConfigurationReference = C1A5B00A145102D0B23FA219 /* Pods-Douban.debug.xcconfig */;
			buildSettings = {
				ASSETCATALOG_COMPILER_APPICON_NAME = AppIcon;
				INFOPLIST_FILE = Douban/Info.plist;
				IPHONEOS_DEPLOYMENT_TARGET = 8.4;
				LD_RUNPATH_SEARCH_PATHS = "$(inherited) @executable_path/Frameworks";
				PRODUCT_BUNDLE_IDENTIFIER = "-7.Douban";
				PRODUCT_NAME = "$(TARGET_NAME)";
			};
			name = Debug;
		};
		621133081CD8DB4B008A302E /* Release */ = {
			isa = XCBuildConfiguration;
			baseConfigurationReference = 9F4F6B03A079B526C5D3AB8B /* Pods-Douban.release.xcconfig */;
			buildSettings = {
				ASSETCATALOG_COMPILER_APPICON_NAME = AppIcon;
				INFOPLIST_FILE = Douban/Info.plist;
				IPHONEOS_DEPLOYMENT_TARGET = 8.4;
				LD_RUNPATH_SEARCH_PATHS = "$(inherited) @executable_path/Frameworks";
				PRODUCT_BUNDLE_IDENTIFIER = "-7.Douban";
				PRODUCT_NAME = "$(TARGET_NAME)";
			};
			name = Release;
		};
/* End XCBuildConfiguration section */

/* Begin XCConfigurationList section */
		621132EA1CD8DB4B008A302E /* Build configuration list for PBXProject "Douban" */ = {
			isa = XCConfigurationList;
			buildConfigurations = (
				621133041CD8DB4B008A302E /* Debug */,
				621133051CD8DB4B008A302E /* Release */,
			);
			defaultConfigurationIsVisible = 0;
			defaultConfigurationName = Release;
		};
		621133061CD8DB4B008A302E /* Build configuration list for PBXNativeTarget "Douban" */ = {
			isa = XCConfigurationList;
			buildConfigurations = (
				621133071CD8DB4B008A302E /* Debug */,
				621133081CD8DB4B008A302E /* Release */,
			);
			defaultConfigurationIsVisible = 0;
			defaultConfigurationName = Release;
		};
/* End XCConfigurationList section */
	};
	rootObject = 621132E71CD8DB4B008A302E /* Project object */;
}
